
Microsoft Visual Studio Solution File, Format Version 12.00
# Visual Studio Version 16
VisualStudioVersion = 16.0.31729.503
MinimumVisualStudioVersion = 10.0.40219.1
Project("{FAE04EC0-301F-11D3-BF4B-00C04F79EFBC}") = "StackOfStrings", "StackOfStrings\StackOfStrings.csproj", "{B61C4821-0E25-479C-A3DB-40F6D7C29B48}"
EndProject
Global
	GlobalSection(SolutionConfigurationPlatforms) = preSolution
		Debug|Any CPU = Debug|Any CPU
		Release|Any CPU = Release|Any CPU
	EndGlobalSection
	GlobalSection(ProjectConfigurationPlatforms) = postSolution
		{B61C4821-0E25-479C-A3DB-40F6D7C29B48}.Debug|Any CPU.ActiveCfg = Debug|Any CPU
		{B61C4821-0E25-479C-A3DB-40F6D7C29B48}.Debug|Any CPU.Build.0 = Debug|Any CPU
		{B61C4821-0E25-479C-A3DB-40F6D7C29B48}.Release|Any CPU.ActiveCfg = Release|Any CPU
		{B61C4821-0E25-479C-A3DB-40F6D7C29B48}.Release|Any CPU.Build.0 = Release|Any CPU
	EndGlobalSection
	GlobalSection(SolutionProperties) = preSolution
		HideSolutionNode = FALSE
	EndGlobalSection
	GlobalSection(ExtensibilityGlobals) = postSolution
		SolutionGuid = {90F6236F-5D62-4ECB-BB10-72B5435D48BA}
	EndGlobalSection
EndGlobal
