
Microsoft Visual Studio Solution File, Format Version 12.00
# Visual Studio Version 17
VisualStudioVersion = 17.0.31903.59
MinimumVisualStudioVersion = 10.0.40219.1
Project("{FAE04EC0-301F-11D3-BF4B-00C04F79EFBC}") = "PolymorphismVehicles", "PolymorphismVehicles\PolymorphismVehicles.csproj", "{B5F65AD9-0F6A-487B-AB7D-84BDE4CE6474}"
EndProject
Global
	GlobalSection(SolutionConfigurationPlatforms) = preSolution
		Debug|Any CPU = Debug|Any CPU
		Release|Any CPU = Release|Any CPU
	EndGlobalSection
	GlobalSection(ProjectConfigurationPlatforms) = postSolution
		{B5F65AD9-0F6A-487B-AB7D-84BDE4CE6474}.Debug|Any CPU.ActiveCfg = Debug|Any CPU
		{B5F65AD9-0F6A-487B-AB7D-84BDE4CE6474}.Debug|Any CPU.Build.0 = Debug|Any CPU
		{B5F65AD9-0F6A-487B-AB7D-84BDE4CE6474}.Release|Any CPU.ActiveCfg = Release|Any CPU
		{B5F65AD9-0F6A-487B-AB7D-84BDE4CE6474}.Release|Any CPU.Build.0 = Release|Any CPU
	EndGlobalSection
	GlobalSection(SolutionProperties) = preSolution
		HideSolutionNode = FALSE
	EndGlobalSection
	GlobalSection(ExtensibilityGlobals) = postSolution
		SolutionGuid = {584CF73E-29A7-4711-A94A-A0A5761EBDEB}
	EndGlobalSection
EndGlobal
