
Microsoft Visual Studio Solution File, Format Version 12.00
# Visual Studio Version 16
VisualStudioVersion = 16.0.31729.503
MinimumVisualStudioVersion = 10.0.40219.1
Project("{9A19103F-16F7-4668-BE54-9A1E7A4F7556}") = "Prototype", "Prototype\Prototype.csproj", "{323D30FC-A7E2-4581-9AD9-E1CEB9127451}"
EndProject
Project("{9A19103F-16F7-4668-BE54-9A1E7A4F7556}") = "TestNull", "TestNull\TestNull.csproj", "{3E052909-6CD9-48C7-8D57-0368D8F61DDB}"
EndProject
Project("{9A19103F-16F7-4668-BE54-9A1E7A4F7556}") = "StackTest", "StackTest\StackTest.csproj", "{984DD9C6-7D32-4F40-847F-6076678ECB36}"
EndProject
Project("{9A19103F-16F7-4668-BE54-9A1E7A4F7556}") = "TrafficJam", "TrafficJam\TrafficJam.csproj", "{E525A738-1D16-4729-B97E-4D3D0512C2AA}"
EndProject
Project("{9A19103F-16F7-4668-BE54-9A1E7A4F7556}") = "BasicStackOperations", "BasicStackOperations\BasicStackOperations.csproj", "{05EEBF3A-C24D-482A-8B0F-7A7808B58F79}"
EndProject
Project("{9A19103F-16F7-4668-BE54-9A1E7A4F7556}") = "MaximumAndMinimumElement", "MaximumAndMinimumElement\MaximumAndMinimumElement.csproj", "{D92F3AA3-B79F-434B-A150-5447A710BC03}"
EndProject
Project("{9A19103F-16F7-4668-BE54-9A1E7A4F7556}") = "BasicQueueOperations", "BasicQueueOperations\BasicQueueOperations.csproj", "{436905C2-B056-4E97-BED7-69546F377191}"
EndProject
Project("{9A19103F-16F7-4668-BE54-9A1E7A4F7556}") = "FastFood", "FastFood\FastFood.csproj", "{2ECD0AF5-C40B-4516-8D3A-F18AB5E70D5F}"
EndProject
Project("{FAE04EC0-301F-11D3-BF4B-00C04F79EFBC}") = "FashionBoutique", "FashionBoutique\FashionBoutique.csproj", "{0C065A09-5941-45B3-9F47-057B6849E74F}"
EndProject
Global
	GlobalSection(SolutionConfigurationPlatforms) = preSolution
		Debug|Any CPU = Debug|Any CPU
		Release|Any CPU = Release|Any CPU
	EndGlobalSection
	GlobalSection(ProjectConfigurationPlatforms) = postSolution
		{323D30FC-A7E2-4581-9AD9-E1CEB9127451}.Debug|Any CPU.ActiveCfg = Debug|Any CPU
		{323D30FC-A7E2-4581-9AD9-E1CEB9127451}.Debug|Any CPU.Build.0 = Debug|Any CPU
		{323D30FC-A7E2-4581-9AD9-E1CEB9127451}.Release|Any CPU.ActiveCfg = Release|Any CPU
		{323D30FC-A7E2-4581-9AD9-E1CEB9127451}.Release|Any CPU.Build.0 = Release|Any CPU
		{3E052909-6CD9-48C7-8D57-0368D8F61DDB}.Debug|Any CPU.ActiveCfg = Debug|Any CPU
		{3E052909-6CD9-48C7-8D57-0368D8F61DDB}.Debug|Any CPU.Build.0 = Debug|Any CPU
		{3E052909-6CD9-48C7-8D57-0368D8F61DDB}.Release|Any CPU.ActiveCfg = Release|Any CPU
		{3E052909-6CD9-48C7-8D57-0368D8F61DDB}.Release|Any CPU.Build.0 = Release|Any CPU
		{984DD9C6-7D32-4F40-847F-6076678ECB36}.Debug|Any CPU.ActiveCfg = Debug|Any CPU
		{984DD9C6-7D32-4F40-847F-6076678ECB36}.Debug|Any CPU.Build.0 = Debug|Any CPU
		{984DD9C6-7D32-4F40-847F-6076678ECB36}.Release|Any CPU.ActiveCfg = Release|Any CPU
		{984DD9C6-7D32-4F40-847F-6076678ECB36}.Release|Any CPU.Build.0 = Release|Any CPU
		{E525A738-1D16-4729-B97E-4D3D0512C2AA}.Debug|Any CPU.ActiveCfg = Debug|Any CPU
		{E525A738-1D16-4729-B97E-4D3D0512C2AA}.Debug|Any CPU.Build.0 = Debug|Any CPU
		{E525A738-1D16-4729-B97E-4D3D0512C2AA}.Release|Any CPU.ActiveCfg = Release|Any CPU
		{E525A738-1D16-4729-B97E-4D3D0512C2AA}.Release|Any CPU.Build.0 = Release|Any CPU
		{05EEBF3A-C24D-482A-8B0F-7A7808B58F79}.Debug|Any CPU.ActiveCfg = Debug|Any CPU
		{05EEBF3A-C24D-482A-8B0F-7A7808B58F79}.Debug|Any CPU.Build.0 = Debug|Any CPU
		{05EEBF3A-C24D-482A-8B0F-7A7808B58F79}.Release|Any CPU.ActiveCfg = Release|Any CPU
		{05EEBF3A-C24D-482A-8B0F-7A7808B58F79}.Release|Any CPU.Build.0 = Release|Any CPU
		{D92F3AA3-B79F-434B-A150-5447A710BC03}.Debug|Any CPU.ActiveCfg = Debug|Any CPU
		{D92F3AA3-B79F-434B-A150-5447A710BC03}.Debug|Any CPU.Build.0 = Debug|Any CPU
		{D92F3AA3-B79F-434B-A150-5447A710BC03}.Release|Any CPU.ActiveCfg = Release|Any CPU
		{D92F3AA3-B79F-434B-A150-5447A710BC03}.Release|Any CPU.Build.0 = Release|Any CPU
		{436905C2-B056-4E97-BED7-69546F377191}.Debug|Any CPU.ActiveCfg = Debug|Any CPU
		{436905C2-B056-4E97-BED7-69546F377191}.Debug|Any CPU.Build.0 = Debug|Any CPU
		{436905C2-B056-4E97-BED7-69546F377191}.Release|Any CPU.ActiveCfg = Release|Any CPU
		{436905C2-B056-4E97-BED7-69546F377191}.Release|Any CPU.Build.0 = Release|Any CPU
		{2ECD0AF5-C40B-4516-8D3A-F18AB5E70D5F}.Debug|Any CPU.ActiveCfg = Debug|Any CPU
		{2ECD0AF5-C40B-4516-8D3A-F18AB5E70D5F}.Debug|Any CPU.Build.0 = Debug|Any CPU
		{2ECD0AF5-C40B-4516-8D3A-F18AB5E70D5F}.Release|Any CPU.ActiveCfg = Release|Any CPU
		{2ECD0AF5-C40B-4516-8D3A-F18AB5E70D5F}.Release|Any CPU.Build.0 = Release|Any CPU
		{0C065A09-5941-45B3-9F47-057B6849E74F}.Debug|Any CPU.ActiveCfg = Debug|Any CPU
		{0C065A09-5941-45B3-9F47-057B6849E74F}.Debug|Any CPU.Build.0 = Debug|Any CPU
		{0C065A09-5941-45B3-9F47-057B6849E74F}.Release|Any CPU.ActiveCfg = Release|Any CPU
		{0C065A09-5941-45B3-9F47-057B6849E74F}.Release|Any CPU.Build.0 = Release|Any CPU
	EndGlobalSection
	GlobalSection(SolutionProperties) = preSolution
		HideSolutionNode = FALSE
	EndGlobalSection
	GlobalSection(ExtensibilityGlobals) = postSolution
		SolutionGuid = {6A16E4EC-6F9B-43BB-8E64-FE06EFE0A76E}
	EndGlobalSection
EndGlobal
